
Microsoft Visual Studio Solution File, Format Version 12.00
# Visual Studio 14
VisualStudioVersion = 14.0.25123.0
MinimumVisualStudioVersion = 10.0.40219.1
Project("{FAE04EC0-301F-11D3-BF4B-00C04F79EFBC}") = "Meeting_Manager_Xamarin.Droid", "Meeting_Manager_Xamarin\Meeting_Manager_Xamarin.Droid\Meeting_Manager_Xamarin.Droid.csproj", "{95466B08-01AD-4267-B135-9256B61336E5}"
EndProject
Project("{FAE04EC0-301F-11D3-BF4B-00C04F79EFBC}") = "Meeting_Manager_Xamarin.iOS", "Meeting_Manager_Xamarin\Meeting_Manager_Xamarin.iOS\Meeting_Manager_Xamarin.iOS.csproj", "{84EB8F41-96A0-4C04-8CEA-137E7269A186}"
EndProject
Project("{FAE04EC0-301F-11D3-BF4B-00C04F79EFBC}") = "Meeting_Manager_Xamarin.UWP", "Meeting_Manager_Xamarin\Meeting_Manager_Xamarin.UWP\Meeting_Manager_Xamarin.UWP.csproj", "{BA7A9290-279C-4168-A9D4-0F3CFC942464}"
EndProject
Project("{FAE04EC0-301F-11D3-BF4B-00C04F79EFBC}") = "Meeting_Manager_Xamarin", "Meeting_Manager_Xamarin\Meeting_Manager_Xamarin\Meeting_Manager_Xamarin.csproj", "{97D34F3C-E971-4CBF-A03D-CFE9C7A65795}"
EndProject
Global
	GlobalSection(SolutionConfigurationPlatforms) = preSolution
		Ad-Hoc|Any CPU = Ad-Hoc|Any CPU
		Ad-Hoc|ARM = Ad-Hoc|ARM
		Ad-Hoc|iPhone = Ad-Hoc|iPhone
		Ad-Hoc|iPhoneSimulator = Ad-Hoc|iPhoneSimulator
		Ad-Hoc|x64 = Ad-Hoc|x64
		Ad-Hoc|x86 = Ad-Hoc|x86
		AppStore|Any CPU = AppStore|Any CPU
		AppStore|ARM = AppStore|ARM
		AppStore|iPhone = AppStore|iPhone
		AppStore|iPhoneSimulator = AppStore|iPhoneSimulator
		AppStore|x64 = AppStore|x64
		AppStore|x86 = AppStore|x86
		Debug|Any CPU = Debug|Any CPU
		Debug|ARM = Debug|ARM
		Debug|iPhone = Debug|iPhone
		Debug|iPhoneSimulator = Debug|iPhoneSimulator
		Debug|x64 = Debug|x64
		Debug|x86 = Debug|x86
		Release|Any CPU = Release|Any CPU
		Release|ARM = Release|ARM
		Release|iPhone = Release|iPhone
		Release|iPhoneSimulator = Release|iPhoneSimulator
		Release|x64 = Release|x64
		Release|x86 = Release|x86
	EndGlobalSection
	GlobalSection(ProjectConfigurationPlatforms) = postSolution
		{95466B08-01AD-4267-B135-9256B61336E5}.Ad-Hoc|Any CPU.ActiveCfg = Release|Any CPU
		{95466B08-01AD-4267-B135-9256B61336E5}.Ad-Hoc|Any CPU.Build.0 = Release|Any CPU
		{95466B08-01AD-4267-B135-9256B61336E5}.Ad-Hoc|Any CPU.Deploy.0 = Release|Any CPU
		{95466B08-01AD-4267-B135-9256B61336E5}.Ad-Hoc|ARM.ActiveCfg = Release|Any CPU
		{95466B08-01AD-4267-B135-9256B61336E5}.Ad-Hoc|ARM.Build.0 = Release|Any CPU
		{95466B08-01AD-4267-B135-9256B61336E5}.Ad-Hoc|ARM.Deploy.0 = Release|Any CPU
		{95466B08-01AD-4267-B135-9256B61336E5}.Ad-Hoc|iPhone.ActiveCfg = Release|Any CPU
		{95466B08-01AD-4267-B135-9256B61336E5}.Ad-Hoc|iPhone.Build.0 = Release|Any CPU
		{95466B08-01AD-4267-B135-9256B61336E5}.Ad-Hoc|iPhone.Deploy.0 = Release|Any CPU
		{95466B08-01AD-4267-B135-9256B61336E5}.Ad-Hoc|iPhoneSimulator.ActiveCfg = Release|Any CPU
		{95466B08-01AD-4267-B135-9256B61336E5}.Ad-Hoc|iPhoneSimulator.Build.0 = Release|Any CPU
		{95466B08-01AD-4267-B135-9256B61336E5}.Ad-Hoc|iPhoneSimulator.Deploy.0 = Release|Any CPU
		{95466B08-01AD-4267-B135-9256B61336E5}.Ad-Hoc|x64.ActiveCfg = Release|Any CPU
		{95466B08-01AD-4267-B135-9256B61336E5}.Ad-Hoc|x64.Build.0 = Release|Any CPU
		{95466B08-01AD-4267-B135-9256B61336E5}.Ad-Hoc|x64.Deploy.0 = Release|Any CPU
		{95466B08-01AD-4267-B135-9256B61336E5}.Ad-Hoc|x86.ActiveCfg = Release|Any CPU
		{95466B08-01AD-4267-B135-9256B61336E5}.Ad-Hoc|x86.Build.0 = Release|Any CPU
		{95466B08-01AD-4267-B135-9256B61336E5}.Ad-Hoc|x86.Deploy.0 = Release|Any CPU
		{95466B08-01AD-4267-B135-9256B61336E5}.AppStore|Any CPU.ActiveCfg = Release|Any CPU
		{95466B08-01AD-4267-B135-9256B61336E5}.AppStore|Any CPU.Build.0 = Release|Any CPU
		{95466B08-01AD-4267-B135-9256B61336E5}.AppStore|Any CPU.Deploy.0 = Release|Any CPU
		{95466B08-01AD-4267-B135-9256B61336E5}.AppStore|ARM.ActiveCfg = Release|Any CPU
		{95466B08-01AD-4267-B135-9256B61336E5}.AppStore|ARM.Build.0 = Release|Any CPU
		{95466B08-01AD-4267-B135-9256B61336E5}.AppStore|ARM.Deploy.0 = Release|Any CPU
		{95466B08-01AD-4267-B135-9256B61336E5}.AppStore|iPhone.ActiveCfg = Release|Any CPU
		{95466B08-01AD-4267-B135-9256B61336E5}.AppStore|iPhone.Build.0 = Release|Any CPU
		{95466B08-01AD-4267-B135-9256B61336E5}.AppStore|iPhone.Deploy.0 = Release|Any CPU
		{95466B08-01AD-4267-B135-9256B61336E5}.AppStore|iPhoneSimulator.ActiveCfg = Release|Any CPU
		{95466B08-01AD-4267-B135-9256B61336E5}.AppStore|iPhoneSimulator.Build.0 = Release|Any CPU
		{95466B08-01AD-4267-B135-9256B61336E5}.AppStore|iPhoneSimulator.Deploy.0 = Release|Any CPU
		{95466B08-01AD-4267-B135-9256B61336E5}.AppStore|x64.ActiveCfg = Release|Any CPU
		{95466B08-01AD-4267-B135-9256B61336E5}.AppStore|x64.Build.0 = Release|Any CPU
		{95466B08-01AD-4267-B135-9256B61336E5}.AppStore|x64.Deploy.0 = Release|Any CPU
		{95466B08-01AD-4267-B135-9256B61336E5}.AppStore|x86.ActiveCfg = Release|Any CPU
		{95466B08-01AD-4267-B135-9256B61336E5}.AppStore|x86.Build.0 = Release|Any CPU
		{95466B08-01AD-4267-B135-9256B61336E5}.AppStore|x86.Deploy.0 = Release|Any CPU
		{95466B08-01AD-4267-B135-9256B61336E5}.Debug|Any CPU.ActiveCfg = Debug|Any CPU
		{95466B08-01AD-4267-B135-9256B61336E5}.Debug|Any CPU.Build.0 = Debug|Any CPU
		{95466B08-01AD-4267-B135-9256B61336E5}.Debug|Any CPU.Deploy.0 = Debug|Any CPU
		{95466B08-01AD-4267-B135-9256B61336E5}.Debug|ARM.ActiveCfg = Debug|Any CPU
		{95466B08-01AD-4267-B135-9256B61336E5}.Debug|ARM.Build.0 = Debug|Any CPU
		{95466B08-01AD-4267-B135-9256B61336E5}.Debug|ARM.Deploy.0 = Debug|Any CPU
		{95466B08-01AD-4267-B135-9256B61336E5}.Debug|iPhone.ActiveCfg = Debug|Any CPU
		{95466B08-01AD-4267-B135-9256B61336E5}.Debug|iPhone.Build.0 = Debug|Any CPU
		{95466B08-01AD-4267-B135-9256B61336E5}.Debug|iPhone.Deploy.0 = Debug|Any CPU
		{95466B08-01AD-4267-B135-9256B61336E5}.Debug|iPhoneSimulator.ActiveCfg = Debug|Any CPU
		{95466B08-01AD-4267-B135-9256B61336E5}.Debug|iPhoneSimulator.Build.0 = Debug|Any CPU
		{95466B08-01AD-4267-B135-9256B61336E5}.Debug|iPhoneSimulator.Deploy.0 = Debug|Any CPU
		{95466B08-01AD-4267-B135-9256B61336E5}.Debug|x64.ActiveCfg = Debug|Any CPU
		{95466B08-01AD-4267-B135-9256B61336E5}.Debug|x64.Build.0 = Debug|Any CPU
		{95466B08-01AD-4267-B135-9256B61336E5}.Debug|x64.Deploy.0 = Debug|Any CPU
		{95466B08-01AD-4267-B135-9256B61336E5}.Debug|x86.ActiveCfg = Debug|Any CPU
		{95466B08-01AD-4267-B135-9256B61336E5}.Debug|x86.Build.0 = Debug|Any CPU
		{95466B08-01AD-4267-B135-9256B61336E5}.Debug|x86.Deploy.0 = Debug|Any CPU
		{95466B08-01AD-4267-B135-9256B61336E5}.Release|Any CPU.ActiveCfg = Release|Any CPU
		{95466B08-01AD-4267-B135-9256B61336E5}.Release|Any CPU.Build.0 = Release|Any CPU
		{95466B08-01AD-4267-B135-9256B61336E5}.Release|Any CPU.Deploy.0 = Release|Any CPU
		{95466B08-01AD-4267-B135-9256B61336E5}.Release|ARM.ActiveCfg = Release|Any CPU
		{95466B08-01AD-4267-B135-9256B61336E5}.Release|ARM.Build.0 = Release|Any CPU
		{95466B08-01AD-4267-B135-9256B61336E5}.Release|ARM.Deploy.0 = Release|Any CPU
		{95466B08-01AD-4267-B135-9256B61336E5}.Release|iPhone.ActiveCfg = Release|Any CPU
		{95466B08-01AD-4267-B135-9256B61336E5}.Release|iPhone.Build.0 = Release|Any CPU
		{95466B08-01AD-4267-B135-9256B61336E5}.Release|iPhone.Deploy.0 = Release|Any CPU
		{95466B08-01AD-4267-B135-9256B61336E5}.Release|iPhoneSimulator.ActiveCfg = Release|Any CPU
		{95466B08-01AD-4267-B135-9256B61336E5}.Release|iPhoneSimulator.Build.0 = Release|Any CPU
		{95466B08-01AD-4267-B135-9256B61336E5}.Release|iPhoneSimulator.Deploy.0 = Release|Any CPU
		{95466B08-01AD-4267-B135-9256B61336E5}.Release|x64.ActiveCfg = Release|Any CPU
		{95466B08-01AD-4267-B135-9256B61336E5}.Release|x64.Build.0 = Release|Any CPU
		{95466B08-01AD-4267-B135-9256B61336E5}.Release|x64.Deploy.0 = Release|Any CPU
		{95466B08-01AD-4267-B135-9256B61336E5}.Release|x86.ActiveCfg = Release|Any CPU
		{95466B08-01AD-4267-B135-9256B61336E5}.Release|x86.Build.0 = Release|Any CPU
		{95466B08-01AD-4267-B135-9256B61336E5}.Release|x86.Deploy.0 = Release|Any CPU
		{84EB8F41-96A0-4C04-8CEA-137E7269A186}.Ad-Hoc|Any CPU.ActiveCfg = Ad-Hoc|iPhone
		{84EB8F41-96A0-4C04-8CEA-137E7269A186}.Ad-Hoc|ARM.ActiveCfg = Ad-Hoc|iPhone
		{84EB8F41-96A0-4C04-8CEA-137E7269A186}.Ad-Hoc|iPhone.ActiveCfg = Ad-Hoc|iPhone
		{84EB8F41-96A0-4C04-8CEA-137E7269A186}.Ad-Hoc|iPhone.Build.0 = Ad-Hoc|iPhone
		{84EB8F41-96A0-4C04-8CEA-137E7269A186}.Ad-Hoc|iPhoneSimulator.ActiveCfg = Ad-Hoc|iPhoneSimulator
		{84EB8F41-96A0-4C04-8CEA-137E7269A186}.Ad-Hoc|iPhoneSimulator.Build.0 = Ad-Hoc|iPhoneSimulator
		{84EB8F41-96A0-4C04-8CEA-137E7269A186}.Ad-Hoc|x64.ActiveCfg = Ad-Hoc|iPhone
		{84EB8F41-96A0-4C04-8CEA-137E7269A186}.Ad-Hoc|x86.ActiveCfg = Ad-Hoc|iPhone
		{84EB8F41-96A0-4C04-8CEA-137E7269A186}.AppStore|Any CPU.ActiveCfg = AppStore|iPhone
		{84EB8F41-96A0-4C04-8CEA-137E7269A186}.AppStore|ARM.ActiveCfg = AppStore|iPhone
		{84EB8F41-96A0-4C04-8CEA-137E7269A186}.AppStore|iPhone.ActiveCfg = AppStore|iPhone
		{84EB8F41-96A0-4C04-8CEA-137E7269A186}.AppStore|iPhone.Build.0 = AppStore|iPhone
		{84EB8F41-96A0-4C04-8CEA-137E7269A186}.AppStore|iPhoneSimulator.ActiveCfg = AppStore|iPhoneSimulator
		{84EB8F41-96A0-4C04-8CEA-137E7269A186}.AppStore|iPhoneSimulator.Build.0 = AppStore|iPhoneSimulator
		{84EB8F41-96A0-4C04-8CEA-137E7269A186}.AppStore|x64.ActiveCfg = AppStore|iPhone
		{84EB8F41-96A0-4C04-8CEA-137E7269A186}.AppStore|x86.ActiveCfg = AppStore|iPhone
		{84EB8F41-96A0-4C04-8CEA-137E7269A186}.Debug|Any CPU.ActiveCfg = Debug|iPhone
		{84EB8F41-96A0-4C04-8CEA-137E7269A186}.Debug|ARM.ActiveCfg = Debug|iPhone
		{84EB8F41-96A0-4C04-8CEA-137E7269A186}.Debug|iPhone.ActiveCfg = Debug|iPhone
		{84EB8F41-96A0-4C04-8CEA-137E7269A186}.Debug|iPhone.Build.0 = Debug|iPhone
		{84EB8F41-96A0-4C04-8CEA-137E7269A186}.Debug|iPhoneSimulator.ActiveCfg = Debug|iPhoneSimulator
		{84EB8F41-96A0-4C04-8CEA-137E7269A186}.Debug|iPhoneSimulator.Build.0 = Debug|iPhoneSimulator
		{84EB8F41-96A0-4C04-8CEA-137E7269A186}.Debug|x64.ActiveCfg = Debug|iPhone
		{84EB8F41-96A0-4C04-8CEA-137E7269A186}.Debug|x86.ActiveCfg = Debug|iPhone
		{84EB8F41-96A0-4C04-8CEA-137E7269A186}.Release|Any CPU.ActiveCfg = Release|iPhone
		{84EB8F41-96A0-4C04-8CEA-137E7269A186}.Release|ARM.ActiveCfg = Release|iPhone
		{84EB8F41-96A0-4C04-8CEA-137E7269A186}.Release|iPhone.ActiveCfg = Release|iPhone
		{84EB8F41-96A0-4C04-8CEA-137E7269A186}.Release|iPhone.Build.0 = Release|iPhone
		{84EB8F41-96A0-4C04-8CEA-137E7269A186}.Release|iPhoneSimulator.ActiveCfg = Release|iPhoneSimulator
		{84EB8F41-96A0-4C04-8CEA-137E7269A186}.Release|iPhoneSimulator.Build.0 = Release|iPhoneSimulator
		{84EB8F41-96A0-4C04-8CEA-137E7269A186}.Release|x64.ActiveCfg = Release|iPhone
		{84EB8F41-96A0-4C04-8CEA-137E7269A186}.Release|x86.ActiveCfg = Release|iPhone
		{BA7A9290-279C-4168-A9D4-0F3CFC942464}.Ad-Hoc|Any CPU.ActiveCfg = Release|x86
		{BA7A9290-279C-4168-A9D4-0F3CFC942464}.Ad-Hoc|Any CPU.Build.0 = Release|x86
		{BA7A9290-279C-4168-A9D4-0F3CFC942464}.Ad-Hoc|Any CPU.Deploy.0 = Release|x86
		{BA7A9290-279C-4168-A9D4-0F3CFC942464}.Ad-Hoc|ARM.ActiveCfg = Release|ARM
		{BA7A9290-279C-4168-A9D4-0F3CFC942464}.Ad-Hoc|ARM.Build.0 = Release|ARM
		{BA7A9290-279C-4168-A9D4-0F3CFC942464}.Ad-Hoc|ARM.Deploy.0 = Release|ARM
		{BA7A9290-279C-4168-A9D4-0F3CFC942464}.Ad-Hoc|iPhone.ActiveCfg = Release|x86
		{BA7A9290-279C-4168-A9D4-0F3CFC942464}.Ad-Hoc|iPhone.Build.0 = Release|x86
		{BA7A9290-279C-4168-A9D4-0F3CFC942464}.Ad-Hoc|iPhone.Deploy.0 = Release|x86
		{BA7A9290-279C-4168-A9D4-0F3CFC942464}.Ad-Hoc|iPhoneSimulator.ActiveCfg = Release|x86
		{BA7A9290-279C-4168-A9D4-0F3CFC942464}.Ad-Hoc|iPhoneSimulator.Build.0 = Release|x86
		{BA7A9290-279C-4168-A9D4-0F3CFC942464}.Ad-Hoc|iPhoneSimulator.Deploy.0 = Release|x86
		{BA7A9290-279C-4168-A9D4-0F3CFC942464}.Ad-Hoc|x64.ActiveCfg = Release|x64
		{BA7A9290-279C-4168-A9D4-0F3CFC942464}.Ad-Hoc|x64.Build.0 = Release|x64
		{BA7A9290-279C-4168-A9D4-0F3CFC942464}.Ad-Hoc|x64.Deploy.0 = Release|x64
		{BA7A9290-279C-4168-A9D4-0F3CFC942464}.Ad-Hoc|x86.ActiveCfg = Release|x86
		{BA7A9290-279C-4168-A9D4-0F3CFC942464}.Ad-Hoc|x86.Build.0 = Release|x86
		{BA7A9290-279C-4168-A9D4-0F3CFC942464}.Ad-Hoc|x86.Deploy.0 = Release|x86
		{BA7A9290-279C-4168-A9D4-0F3CFC942464}.AppStore|Any CPU.ActiveCfg = Release|x86
		{BA7A9290-279C-4168-A9D4-0F3CFC942464}.AppStore|Any CPU.Build.0 = Release|x86
		{BA7A9290-279C-4168-A9D4-0F3CFC942464}.AppStore|Any CPU.Deploy.0 = Release|x86
		{BA7A9290-279C-4168-A9D4-0F3CFC942464}.AppStore|ARM.ActiveCfg = Release|ARM
		{BA7A9290-279C-4168-A9D4-0F3CFC942464}.AppStore|ARM.Build.0 = Release|ARM
		{BA7A9290-279C-4168-A9D4-0F3CFC942464}.AppStore|ARM.Deploy.0 = Release|ARM
		{BA7A9290-279C-4168-A9D4-0F3CFC942464}.AppStore|iPhone.ActiveCfg = Release|x86
		{BA7A9290-279C-4168-A9D4-0F3CFC942464}.AppStore|iPhone.Build.0 = Release|x86
		{BA7A9290-279C-4168-A9D4-0F3CFC942464}.AppStore|iPhone.Deploy.0 = Release|x86
		{BA7A9290-279C-4168-A9D4-0F3CFC942464}.AppStore|iPhoneSimulator.ActiveCfg = Release|x86
		{BA7A9290-279C-4168-A9D4-0F3CFC942464}.AppStore|iPhoneSimulator.Build.0 = Release|x86
		{BA7A9290-279C-4168-A9D4-0F3CFC942464}.AppStore|iPhoneSimulator.Deploy.0 = Release|x86
		{BA7A9290-279C-4168-A9D4-0F3CFC942464}.AppStore|x64.ActiveCfg = Release|x64
		{BA7A9290-279C-4168-A9D4-0F3CFC942464}.AppStore|x64.Build.0 = Release|x64
		{BA7A9290-279C-4168-A9D4-0F3CFC942464}.AppStore|x64.Deploy.0 = Release|x64
		{BA7A9290-279C-4168-A9D4-0F3CFC942464}.AppStore|x86.ActiveCfg = Release|x86
		{BA7A9290-279C-4168-A9D4-0F3CFC942464}.AppStore|x86.Build.0 = Release|x86
		{BA7A9290-279C-4168-A9D4-0F3CFC942464}.AppStore|x86.Deploy.0 = Release|x86
		{BA7A9290-279C-4168-A9D4-0F3CFC942464}.Debug|Any CPU.ActiveCfg = Debug|x86
		{BA7A9290-279C-4168-A9D4-0F3CFC942464}.Debug|Any CPU.Build.0 = Debug|x86
		{BA7A9290-279C-4168-A9D4-0F3CFC942464}.Debug|Any CPU.Deploy.0 = Debug|x86
		{BA7A9290-279C-4168-A9D4-0F3CFC942464}.Debug|ARM.ActiveCfg = Debug|ARM
		{BA7A9290-279C-4168-A9D4-0F3CFC942464}.Debug|ARM.Build.0 = Debug|ARM
		{BA7A9290-279C-4168-A9D4-0F3CFC942464}.Debug|ARM.Deploy.0 = Debug|ARM
		{BA7A9290-279C-4168-A9D4-0F3CFC942464}.Debug|iPhone.ActiveCfg = Debug|x86
		{BA7A9290-279C-4168-A9D4-0F3CFC942464}.Debug|iPhoneSimulator.ActiveCfg = Debug|x86
		{BA7A9290-279C-4168-A9D4-0F3CFC942464}.Debug|x64.ActiveCfg = Debug|x64
		{BA7A9290-279C-4168-A9D4-0F3CFC942464}.Debug|x64.Build.0 = Debug|x64
		{BA7A9290-279C-4168-A9D4-0F3CFC942464}.Debug|x64.Deploy.0 = Debug|x64
		{BA7A9290-279C-4168-A9D4-0F3CFC942464}.Debug|x86.ActiveCfg = Debug|x86
		{BA7A9290-279C-4168-A9D4-0F3CFC942464}.Debug|x86.Build.0 = Debug|x86
		{BA7A9290-279C-4168-A9D4-0F3CFC942464}.Debug|x86.Deploy.0 = Debug|x86
		{BA7A9290-279C-4168-A9D4-0F3CFC942464}.Release|Any CPU.ActiveCfg = Release|x86
		{BA7A9290-279C-4168-A9D4-0F3CFC942464}.Release|Any CPU.Build.0 = Release|x86
		{BA7A9290-279C-4168-A9D4-0F3CFC942464}.Release|Any CPU.Deploy.0 = Release|x86
		{BA7A9290-279C-4168-A9D4-0F3CFC942464}.Release|ARM.ActiveCfg = Release|ARM
		{BA7A9290-279C-4168-A9D4-0F3CFC942464}.Release|ARM.Build.0 = Release|ARM
		{BA7A9290-279C-4168-A9D4-0F3CFC942464}.Release|ARM.Deploy.0 = Release|ARM
		{BA7A9290-279C-4168-A9D4-0F3CFC942464}.Release|iPhone.ActiveCfg = Release|x86
		{BA7A9290-279C-4168-A9D4-0F3CFC942464}.Release|iPhoneSimulator.ActiveCfg = Release|x86
		{BA7A9290-279C-4168-A9D4-0F3CFC942464}.Release|x64.ActiveCfg = Release|x64
		{BA7A9290-279C-4168-A9D4-0F3CFC942464}.Release|x64.Build.0 = Release|x64
		{BA7A9290-279C-4168-A9D4-0F3CFC942464}.Release|x64.Deploy.0 = Release|x64
		{BA7A9290-279C-4168-A9D4-0F3CFC942464}.Release|x86.ActiveCfg = Release|x86
		{BA7A9290-279C-4168-A9D4-0F3CFC942464}.Release|x86.Build.0 = Release|x86
		{BA7A9290-279C-4168-A9D4-0F3CFC942464}.Release|x86.Deploy.0 = Release|x86
		{97D34F3C-E971-4CBF-A03D-CFE9C7A65795}.Ad-Hoc|Any CPU.ActiveCfg = Release|Any CPU
		{97D34F3C-E971-4CBF-A03D-CFE9C7A65795}.Ad-Hoc|Any CPU.Build.0 = Release|Any CPU
		{97D34F3C-E971-4CBF-A03D-CFE9C7A65795}.Ad-Hoc|ARM.ActiveCfg = Release|Any CPU
		{97D34F3C-E971-4CBF-A03D-CFE9C7A65795}.Ad-Hoc|ARM.Build.0 = Release|Any CPU
		{97D34F3C-E971-4CBF-A03D-CFE9C7A65795}.Ad-Hoc|iPhone.ActiveCfg = Release|Any CPU
		{97D34F3C-E971-4CBF-A03D-CFE9C7A65795}.Ad-Hoc|iPhone.Build.0 = Release|Any CPU
		{97D34F3C-E971-4CBF-A03D-CFE9C7A65795}.Ad-Hoc|iPhoneSimulator.ActiveCfg = Release|Any CPU
		{97D34F3C-E971-4CBF-A03D-CFE9C7A65795}.Ad-Hoc|iPhoneSimulator.Build.0 = Release|Any CPU
		{97D34F3C-E971-4CBF-A03D-CFE9C7A65795}.Ad-Hoc|x64.ActiveCfg = Release|Any CPU
		{97D34F3C-E971-4CBF-A03D-CFE9C7A65795}.Ad-Hoc|x64.Build.0 = Release|Any CPU
		{97D34F3C-E971-4CBF-A03D-CFE9C7A65795}.Ad-Hoc|x86.ActiveCfg = Release|Any CPU
		{97D34F3C-E971-4CBF-A03D-CFE9C7A65795}.Ad-Hoc|x86.Build.0 = Release|Any CPU
		{97D34F3C-E971-4CBF-A03D-CFE9C7A65795}.AppStore|Any CPU.ActiveCfg = Release|Any CPU
		{97D34F3C-E971-4CBF-A03D-CFE9C7A65795}.AppStore|Any CPU.Build.0 = Release|Any CPU
		{97D34F3C-E971-4CBF-A03D-CFE9C7A65795}.AppStore|ARM.ActiveCfg = Release|Any CPU
		{97D34F3C-E971-4CBF-A03D-CFE9C7A65795}.AppStore|ARM.Build.0 = Release|Any CPU
		{97D34F3C-E971-4CBF-A03D-CFE9C7A65795}.AppStore|iPhone.ActiveCfg = Release|Any CPU
		{97D34F3C-E971-4CBF-A03D-CFE9C7A65795}.AppStore|iPhone.Build.0 = Release|Any CPU
		{97D34F3C-E971-4CBF-A03D-CFE9C7A65795}.AppStore|iPhoneSimulator.ActiveCfg = Release|Any CPU
		{97D34F3C-E971-4CBF-A03D-CFE9C7A65795}.AppStore|iPhoneSimulator.Build.0 = Release|Any CPU
		{97D34F3C-E971-4CBF-A03D-CFE9C7A65795}.AppStore|x64.ActiveCfg = Release|Any CPU
		{97D34F3C-E971-4CBF-A03D-CFE9C7A65795}.AppStore|x64.Build.0 = Release|Any CPU
		{97D34F3C-E971-4CBF-A03D-CFE9C7A65795}.AppStore|x86.ActiveCfg = Release|Any CPU
		{97D34F3C-E971-4CBF-A03D-CFE9C7A65795}.AppStore|x86.Build.0 = Release|Any CPU
		{97D34F3C-E971-4CBF-A03D-CFE9C7A65795}.Debug|Any CPU.ActiveCfg = Debug|Any CPU
		{97D34F3C-E971-4CBF-A03D-CFE9C7A65795}.Debug|Any CPU.Build.0 = Debug|Any CPU
		{97D34F3C-E971-4CBF-A03D-CFE9C7A65795}.Debug|ARM.ActiveCfg = Debug|Any CPU
		{97D34F3C-E971-4CBF-A03D-CFE9C7A65795}.Debug|ARM.Build.0 = Debug|Any CPU
		{97D34F3C-E971-4CBF-A03D-CFE9C7A65795}.Debug|iPhone.ActiveCfg = Debug|Any CPU
		{97D34F3C-E971-4CBF-A03D-CFE9C7A65795}.Debug|iPhone.Build.0 = Debug|Any CPU
		{97D34F3C-E971-4CBF-A03D-CFE9C7A65795}.Debug|iPhoneSimulator.ActiveCfg = Debug|Any CPU
		{97D34F3C-E971-4CBF-A03D-CFE9C7A65795}.Debug|iPhoneSimulator.Build.0 = Debug|Any CPU
		{97D34F3C-E971-4CBF-A03D-CFE9C7A65795}.Debug|x64.ActiveCfg = Debug|Any CPU
		{97D34F3C-E971-4CBF-A03D-CFE9C7A65795}.Debug|x64.Build.0 = Debug|Any CPU
		{97D34F3C-E971-4CBF-A03D-CFE9C7A65795}.Debug|x86.ActiveCfg = Debug|Any CPU
		{97D34F3C-E971-4CBF-A03D-CFE9C7A65795}.Debug|x86.Build.0 = Debug|Any CPU
		{97D34F3C-E971-4CBF-A03D-CFE9C7A65795}.Release|Any CPU.ActiveCfg = Release|Any CPU
		{97D34F3C-E971-4CBF-A03D-CFE9C7A65795}.Release|Any CPU.Build.0 = Release|Any CPU
		{97D34F3C-E971-4CBF-A03D-CFE9C7A65795}.Release|ARM.ActiveCfg = Release|Any CPU
		{97D34F3C-E971-4CBF-A03D-CFE9C7A65795}.Release|ARM.Build.0 = Release|Any CPU
		{97D34F3C-E971-4CBF-A03D-CFE9C7A65795}.Release|iPhone.ActiveCfg = Release|Any CPU
		{97D34F3C-E971-4CBF-A03D-CFE9C7A65795}.Release|iPhone.Build.0 = Release|Any CPU
		{97D34F3C-E971-4CBF-A03D-CFE9C7A65795}.Release|iPhoneSimulator.ActiveCfg = Release|Any CPU
		{97D34F3C-E971-4CBF-A03D-CFE9C7A65795}.Release|iPhoneSimulator.Build.0 = Release|Any CPU
		{97D34F3C-E971-4CBF-A03D-CFE9C7A65795}.Release|x64.ActiveCfg = Release|Any CPU
		{97D34F3C-E971-4CBF-A03D-CFE9C7A65795}.Release|x64.Build.0 = Release|Any CPU
		{97D34F3C-E971-4CBF-A03D-CFE9C7A65795}.Release|x86.ActiveCfg = Release|Any CPU
		{97D34F3C-E971-4CBF-A03D-CFE9C7A65795}.Release|x86.Build.0 = Release|Any CPU
	EndGlobalSection
	GlobalSection(SolutionProperties) = preSolution
		HideSolutionNode = FALSE
	EndGlobalSection
EndGlobal
